
Microsoft Visual Studio Solution File, Format Version 12.00
# Visual Studio 15
Project("{FAE04EC0-301F-11D3-BF4B-00C04F79EFBC}") = "Assembly-CSharp", "Assembly-CSharp.csproj", "{FD437752-AFA6-6075-DC1B-5DAF4999780D}"
EndProject
Project("{FAE04EC0-301F-11D3-BF4B-00C04F79EFBC}") = "RoadArchitect", "RoadArchitect.csproj", "{B4B02465-6779-2A88-4F9A-FC577E1F7EAF}"
EndProject
Project("{FAE04EC0-301F-11D3-BF4B-00C04F79EFBC}") = "Meryel.CodeAssist.Editor", "Meryel.CodeAssist.Editor.csproj", "{CEC4018F-5AF7-98D7-0929-D724EEAF494D}"
EndProject
Project("{FAE04EC0-301F-11D3-BF4B-00C04F79EFBC}") = "Assembly-CSharp-Editor", "Assembly-CSharp-Editor.csproj", "{F2631F8B-429D-99E0-55B9-0946113C59A3}"
EndProject
Global
	GlobalSection(SolutionConfigurationPlatforms) = preSolution
		Debug|Any CPU = Debug|Any CPU
		Release|Any CPU = Release|Any CPU
	EndGlobalSection
	GlobalSection(ProjectConfigurationPlatforms) = postSolution
		{FD437752-AFA6-6075-DC1B-5DAF4999780D}.Debug|Any CPU.ActiveCfg = Debug|Any CPU
		{FD437752-AFA6-6075-DC1B-5DAF4999780D}.Debug|Any CPU.Build.0 = Debug|Any CPU
		{FD437752-AFA6-6075-DC1B-5DAF4999780D}.Release|Any CPU.ActiveCfg = Release|Any CPU
		{FD437752-AFA6-6075-DC1B-5DAF4999780D}.Release|Any CPU.Build.0 = Release|Any CPU
		{B4B02465-6779-2A88-4F9A-FC577E1F7EAF}.Debug|Any CPU.ActiveCfg = Debug|Any CPU
		{B4B02465-6779-2A88-4F9A-FC577E1F7EAF}.Debug|Any CPU.Build.0 = Debug|Any CPU
		{B4B02465-6779-2A88-4F9A-FC577E1F7EAF}.Release|Any CPU.ActiveCfg = Release|Any CPU
		{B4B02465-6779-2A88-4F9A-FC577E1F7EAF}.Release|Any CPU.Build.0 = Release|Any CPU
		{CEC4018F-5AF7-98D7-0929-D724EEAF494D}.Debug|Any CPU.ActiveCfg = Debug|Any CPU
		{CEC4018F-5AF7-98D7-0929-D724EEAF494D}.Debug|Any CPU.Build.0 = Debug|Any CPU
		{CEC4018F-5AF7-98D7-0929-D724EEAF494D}.Release|Any CPU.ActiveCfg = Release|Any CPU
		{CEC4018F-5AF7-98D7-0929-D724EEAF494D}.Release|Any CPU.Build.0 = Release|Any CPU
		{F2631F8B-429D-99E0-55B9-0946113C59A3}.Debug|Any CPU.ActiveCfg = Debug|Any CPU
		{F2631F8B-429D-99E0-55B9-0946113C59A3}.Debug|Any CPU.Build.0 = Debug|Any CPU
		{F2631F8B-429D-99E0-55B9-0946113C59A3}.Release|Any CPU.ActiveCfg = Release|Any CPU
		{F2631F8B-429D-99E0-55B9-0946113C59A3}.Release|Any CPU.Build.0 = Release|Any CPU
	EndGlobalSection
	GlobalSection(SolutionProperties) = preSolution
		HideSolutionNode = FALSE
	EndGlobalSection
EndGlobal
