
Microsoft Visual Studio Solution File, Format Version 11.00
# Visual Studio 2010
Project("{FAE04EC0-301F-11D3-BF4B-00C04F79EFBC}") = "Assembly-CSharp", "Assembly-CSharp.csproj", "{527743fd-a6af-7560-dc1b-5daf4999780d}"
EndProject
Project("{FAE04EC0-301F-11D3-BF4B-00C04F79EFBC}") = "RoadArchitect", "RoadArchitect.csproj", "{6524b0b4-7967-882a-4f9a-fc577e1f7eaf}"
EndProject
Project("{FAE04EC0-301F-11D3-BF4B-00C04F79EFBC}") = "Meryel.CodeAssist.Editor", "Meryel.CodeAssist.Editor.csproj", "{8f01c4ce-f75a-d798-0929-d724eeaf494d}"
EndProject
Global
	GlobalSection(SolutionConfigurationPlatforms) = preSolution
		Debug|Any CPU = Debug|Any CPU
	EndGlobalSection
	GlobalSection(ProjectConfigurationPlatforms) = postSolution
		{527743fd-a6af-7560-dc1b-5daf4999780d}.Debug|Any CPU.ActiveCfg = Debug|Any CPU
		{527743fd-a6af-7560-dc1b-5daf4999780d}.Debug|Any CPU.Build.0 = Debug|Any CPU
		{6524b0b4-7967-882a-4f9a-fc577e1f7eaf}.Debug|Any CPU.ActiveCfg = Debug|Any CPU
		{6524b0b4-7967-882a-4f9a-fc577e1f7eaf}.Debug|Any CPU.Build.0 = Debug|Any CPU
		{8f01c4ce-f75a-d798-0929-d724eeaf494d}.Debug|Any CPU.ActiveCfg = Debug|Any CPU
		{8f01c4ce-f75a-d798-0929-d724eeaf494d}.Debug|Any CPU.Build.0 = Debug|Any CPU
	EndGlobalSection
	GlobalSection(SolutionProperties) = preSolution
		HideSolutionNode = FALSE
	EndGlobalSection
EndGlobal
